
Microsoft Visual Studio Solution File, Format Version 12.00
# Visual Studio Version 17
VisualStudioVersion = 17.7.34202.233
MinimumVisualStudioVersion = 10.0.40219.1
Project("{FAE04EC0-301F-11D3-BF4B-00C04F79EFBC}") = "CRUD_dbfa", "CRUD_dbfa\CRUD_dbfa.csproj", "{B2C59CFB-A564-495B-BA14-CC1D28936BB6}"
EndProject
Project("{FAE04EC0-301F-11D3-BF4B-00C04F79EFBC}") = "Encapsulation", "Encapsulation\Encapsulation.csproj", "{657A259B-0B87-4D6C-8170-78E0A879675C}"
EndProject
Project("{FAE04EC0-301F-11D3-BF4B-00C04F79EFBC}") = "Association", "Association\Association.csproj", "{E7E6B5B7-7966-4B5B-8AF3-967B49C9EED7}"
EndProject
Project("{FAE04EC0-301F-11D3-BF4B-00C04F79EFBC}") = "exception_handling", "exception_handling\exception_handling.csproj", "{B8C0BE1D-AAE6-4576-A1DE-1433BA6C3DB9}"
EndProject
Project("{FAE04EC0-301F-11D3-BF4B-00C04F79EFBC}") = "Inheritance", "Inheritance\Inheritance.csproj", "{87FEC47C-D4AB-4BA8-BD29-56C836E07488}"
EndProject
Project("{FAE04EC0-301F-11D3-BF4B-00C04F79EFBC}") = "polymorphism", "polymorphism\polymorphism.csproj", "{049DF058-DE09-4191-B6ED-AC9D9299329E}"
EndProject
Project("{FAE04EC0-301F-11D3-BF4B-00C04F79EFBC}") = "Abstract", "Abstract\Abstract.csproj", "{081E00E6-007D-4421-9322-133D15AD8DA4}"
EndProject
Global
	GlobalSection(SolutionConfigurationPlatforms) = preSolution
		Debug|Any CPU = Debug|Any CPU
		Release|Any CPU = Release|Any CPU
	EndGlobalSection
	GlobalSection(ProjectConfigurationPlatforms) = postSolution
		{B2C59CFB-A564-495B-BA14-CC1D28936BB6}.Debug|Any CPU.ActiveCfg = Debug|Any CPU
		{B2C59CFB-A564-495B-BA14-CC1D28936BB6}.Debug|Any CPU.Build.0 = Debug|Any CPU
		{B2C59CFB-A564-495B-BA14-CC1D28936BB6}.Release|Any CPU.ActiveCfg = Release|Any CPU
		{B2C59CFB-A564-495B-BA14-CC1D28936BB6}.Release|Any CPU.Build.0 = Release|Any CPU
		{657A259B-0B87-4D6C-8170-78E0A879675C}.Debug|Any CPU.ActiveCfg = Debug|Any CPU
		{657A259B-0B87-4D6C-8170-78E0A879675C}.Debug|Any CPU.Build.0 = Debug|Any CPU
		{657A259B-0B87-4D6C-8170-78E0A879675C}.Release|Any CPU.ActiveCfg = Release|Any CPU
		{657A259B-0B87-4D6C-8170-78E0A879675C}.Release|Any CPU.Build.0 = Release|Any CPU
		{E7E6B5B7-7966-4B5B-8AF3-967B49C9EED7}.Debug|Any CPU.ActiveCfg = Debug|Any CPU
		{E7E6B5B7-7966-4B5B-8AF3-967B49C9EED7}.Debug|Any CPU.Build.0 = Debug|Any CPU
		{E7E6B5B7-7966-4B5B-8AF3-967B49C9EED7}.Release|Any CPU.ActiveCfg = Release|Any CPU
		{E7E6B5B7-7966-4B5B-8AF3-967B49C9EED7}.Release|Any CPU.Build.0 = Release|Any CPU
		{B8C0BE1D-AAE6-4576-A1DE-1433BA6C3DB9}.Debug|Any CPU.ActiveCfg = Debug|Any CPU
		{B8C0BE1D-AAE6-4576-A1DE-1433BA6C3DB9}.Debug|Any CPU.Build.0 = Debug|Any CPU
		{B8C0BE1D-AAE6-4576-A1DE-1433BA6C3DB9}.Release|Any CPU.ActiveCfg = Release|Any CPU
		{B8C0BE1D-AAE6-4576-A1DE-1433BA6C3DB9}.Release|Any CPU.Build.0 = Release|Any CPU
		{87FEC47C-D4AB-4BA8-BD29-56C836E07488}.Debug|Any CPU.ActiveCfg = Debug|Any CPU
		{87FEC47C-D4AB-4BA8-BD29-56C836E07488}.Debug|Any CPU.Build.0 = Debug|Any CPU
		{87FEC47C-D4AB-4BA8-BD29-56C836E07488}.Release|Any CPU.ActiveCfg = Release|Any CPU
		{87FEC47C-D4AB-4BA8-BD29-56C836E07488}.Release|Any CPU.Build.0 = Release|Any CPU
		{049DF058-DE09-4191-B6ED-AC9D9299329E}.Debug|Any CPU.ActiveCfg = Debug|Any CPU
		{049DF058-DE09-4191-B6ED-AC9D9299329E}.Debug|Any CPU.Build.0 = Debug|Any CPU
		{049DF058-DE09-4191-B6ED-AC9D9299329E}.Release|Any CPU.ActiveCfg = Release|Any CPU
		{049DF058-DE09-4191-B6ED-AC9D9299329E}.Release|Any CPU.Build.0 = Release|Any CPU
		{081E00E6-007D-4421-9322-133D15AD8DA4}.Debug|Any CPU.ActiveCfg = Debug|Any CPU
		{081E00E6-007D-4421-9322-133D15AD8DA4}.Debug|Any CPU.Build.0 = Debug|Any CPU
		{081E00E6-007D-4421-9322-133D15AD8DA4}.Release|Any CPU.ActiveCfg = Release|Any CPU
		{081E00E6-007D-4421-9322-133D15AD8DA4}.Release|Any CPU.Build.0 = Release|Any CPU
	EndGlobalSection
	GlobalSection(SolutionProperties) = preSolution
		HideSolutionNode = FALSE
	EndGlobalSection
	GlobalSection(ExtensibilityGlobals) = postSolution
		SolutionGuid = {F35D37ED-6090-4011-8BA5-43A3AD485B28}
	EndGlobalSection
EndGlobal
